<?xml version="1.0" encoding="UTF-8" standalone="yes" ?>
<CodeBlocks_project_file>
	<FileVersion major="1" minor="6" />
	<Project>
		<Option title="ProgramacionParalela01" />
		<Option pch_mode="2" />
		<Option compiler="gcc" />
		<Build>
			<Target title="Debug">
				<Option output="bin/Debug/ProgramacionParalela01" prefix_auto="1" extension_auto="1" />
				<Option object_output="obj/Debug/" />
				<Option type="1" />
				<Option compiler="gcc" />
				<Compiler>
					<Add option="-g" />
					<Add directory="include" />
				</Compiler>
			</Target>
			<Target title="Release">
				<Option output="bin/Release/ProgramacionParalela01" prefix_auto="1" extension_auto="1" />
				<Option object_output="obj/Release/" />
				<Option type="1" />
				<Option compiler="gcc" />
				<Compiler>
					<Add option="-O2" />
					<Add directory="include" />
				</Compiler>
				<Linker>
					<Add option="-s" />
				</Linker>
			</Target>
		</Build>
		<Compiler>
			<Add option="-Wall" />
			<Add option="-fexceptions" />
			<Add option="-fopenmp" />
		</Compiler>
		<Linker>
			<Add library="gomp" />
		</Linker>
		<Unit filename="Matriz.cpp" />
		<Unit filename="Matriz.h" />
		<Unit filename="include/ConvexHull.h" />
		<Unit filename="include/Point.h" />
		<Unit filename="main.cpp" />
		<Unit filename="packages/Allegro.5.2.3.1/Allegro.5.2.3.1.nupkg" />
		<Unit filename="packages/Allegro.5.2.3.1/build/native/Allegro.targets" />
		<Unit filename="packages/Allegro.5.2.3.1/build/native/AllegroDeps.targets" />
		<Unit filename="packages/Allegro.5.2.3.1/build/native/AllegroUI.xml" />
		<Unit filename="packages/Allegro.5.2.3.1/build/native/include/allegro5/alcompat.h" />
		<Unit filename="packages/Allegro.5.2.3.1/build/native/include/allegro5/allegro.h" />
		<Unit filename="packages/Allegro.5.2.3.1/build/native/include/allegro5/allegro5.h" />
		<Unit filename="packages/Allegro.5.2.3.1/build/native/include/allegro5/allegro_acodec.h" />
		<Unit filename="packages/Allegro.5.2.3.1/build/native/include/allegro5/allegro_audio.h" />
		<Unit filename="packages/Allegro.5.2.3.1/build/native/include/allegro5/allegro_color.h" />
		<Unit filename="packages/Allegro.5.2.3.1/build/native/include/allegro5/allegro_direct3d.h" />
		<Unit filename="packages/Allegro.5.2.3.1/build/native/include/allegro5/allegro_font.h" />
		<Unit filename="packages/Allegro.5.2.3.1/build/native/include/allegro5/allegro_image.h" />
		<Unit filename="packages/Allegro.5.2.3.1/build/native/include/allegro5/allegro_memfile.h" />
		<Unit filename="packages/Allegro.5.2.3.1/build/native/include/allegro5/allegro_native_dialog.h" />
		<Unit filename="packages/Allegro.5.2.3.1/build/native/include/allegro5/allegro_opengl.h" />
		<Unit filename="packages/Allegro.5.2.3.1/build/native/include/allegro5/allegro_physfs.h" />
		<Unit filename="packages/Allegro.5.2.3.1/build/native/include/allegro5/allegro_primitives.h" />
		<Unit filename="packages/Allegro.5.2.3.1/build/native/include/allegro5/allegro_ttf.h" />
		<Unit filename="packages/Allegro.5.2.3.1/build/native/include/allegro5/allegro_video.h" />
		<Unit filename="packages/Allegro.5.2.3.1/build/native/include/allegro5/allegro_windows.h" />
		<Unit filename="packages/Allegro.5.2.3.1/build/native/include/allegro5/altime.h" />
		<Unit filename="packages/Allegro.5.2.3.1/build/native/include/allegro5/base.h" />
		<Unit filename="packages/Allegro.5.2.3.1/build/native/include/allegro5/bitmap.h" />
		<Unit filename="packages/Allegro.5.2.3.1/build/native/include/allegro5/bitmap_draw.h" />
		<Unit filename="packages/Allegro.5.2.3.1/build/native/include/allegro5/bitmap_io.h" />
		<Unit filename="packages/Allegro.5.2.3.1/build/native/include/allegro5/bitmap_lock.h" />
		<Unit filename="packages/Allegro.5.2.3.1/build/native/include/allegro5/blender.h" />
		<Unit filename="packages/Allegro.5.2.3.1/build/native/include/allegro5/clipboard.h" />
		<Unit filename="packages/Allegro.5.2.3.1/build/native/include/allegro5/color.h" />
		<Unit filename="packages/Allegro.5.2.3.1/build/native/include/allegro5/config.h" />
		<Unit filename="packages/Allegro.5.2.3.1/build/native/include/allegro5/cpu.h" />
		<Unit filename="packages/Allegro.5.2.3.1/build/native/include/allegro5/debug.h" />
		<Unit filename="packages/Allegro.5.2.3.1/build/native/include/allegro5/display.h" />
		<Unit filename="packages/Allegro.5.2.3.1/build/native/include/allegro5/drawing.h" />
		<Unit filename="packages/Allegro.5.2.3.1/build/native/include/allegro5/error.h" />
		<Unit filename="packages/Allegro.5.2.3.1/build/native/include/allegro5/events.h" />
		<Unit filename="packages/Allegro.5.2.3.1/build/native/include/allegro5/file.h" />
		<Unit filename="packages/Allegro.5.2.3.1/build/native/include/allegro5/fixed.h" />
		<Unit filename="packages/Allegro.5.2.3.1/build/native/include/allegro5/fmaths.h" />
		<Unit filename="packages/Allegro.5.2.3.1/build/native/include/allegro5/fshook.h" />
		<Unit filename="packages/Allegro.5.2.3.1/build/native/include/allegro5/fullscreen_mode.h" />
		<Unit filename="packages/Allegro.5.2.3.1/build/native/include/allegro5/haptic.h" />
		<Unit filename="packages/Allegro.5.2.3.1/build/native/include/allegro5/inline/fmaths.inl" />
		<Unit filename="packages/Allegro.5.2.3.1/build/native/include/allegro5/internal/alconfig.h" />
		<Unit filename="packages/Allegro.5.2.3.1/build/native/include/allegro5/joystick.h" />
		<Unit filename="packages/Allegro.5.2.3.1/build/native/include/allegro5/keyboard.h" />
		<Unit filename="packages/Allegro.5.2.3.1/build/native/include/allegro5/keycodes.h" />
		<Unit filename="packages/Allegro.5.2.3.1/build/native/include/allegro5/memory.h" />
		<Unit filename="packages/Allegro.5.2.3.1/build/native/include/allegro5/monitor.h" />
		<Unit filename="packages/Allegro.5.2.3.1/build/native/include/allegro5/mouse.h" />
		<Unit filename="packages/Allegro.5.2.3.1/build/native/include/allegro5/mouse_cursor.h" />
		<Unit filename="packages/Allegro.5.2.3.1/build/native/include/allegro5/opengl/GLext/gl_ext_alias.h" />
		<Unit filename="packages/Allegro.5.2.3.1/build/native/include/allegro5/opengl/GLext/gl_ext_api.h" />
		<Unit filename="packages/Allegro.5.2.3.1/build/native/include/allegro5/opengl/GLext/gl_ext_defs.h" />
		<Unit filename="packages/Allegro.5.2.3.1/build/native/include/allegro5/opengl/GLext/gl_ext_list.h" />
		<Unit filename="packages/Allegro.5.2.3.1/build/native/include/allegro5/opengl/GLext/glx_ext_alias.h" />
		<Unit filename="packages/Allegro.5.2.3.1/build/native/include/allegro5/opengl/GLext/glx_ext_api.h" />
		<Unit filename="packages/Allegro.5.2.3.1/build/native/include/allegro5/opengl/GLext/glx_ext_defs.h" />
		<Unit filename="packages/Allegro.5.2.3.1/build/native/include/allegro5/opengl/GLext/glx_ext_list.h" />
		<Unit filename="packages/Allegro.5.2.3.1/build/native/include/allegro5/opengl/GLext/wgl_ext_alias.h" />
		<Unit filename="packages/Allegro.5.2.3.1/build/native/include/allegro5/opengl/GLext/wgl_ext_api.h" />
		<Unit filename="packages/Allegro.5.2.3.1/build/native/include/allegro5/opengl/GLext/wgl_ext_defs.h" />
		<Unit filename="packages/Allegro.5.2.3.1/build/native/include/allegro5/opengl/GLext/wgl_ext_list.h" />
		<Unit filename="packages/Allegro.5.2.3.1/build/native/include/allegro5/opengl/gl_ext.h" />
		<Unit filename="packages/Allegro.5.2.3.1/build/native/include/allegro5/path.h" />
		<Unit filename="packages/Allegro.5.2.3.1/build/native/include/allegro5/platform/alandroid.h" />
		<Unit filename="packages/Allegro.5.2.3.1/build/native/include/allegro5/platform/alandroidcfg.h" />
		<Unit filename="packages/Allegro.5.2.3.1/build/native/include/allegro5/platform/albcc32.h" />
		<Unit filename="packages/Allegro.5.2.3.1/build/native/include/allegro5/platform/aliphone.h" />
		<Unit filename="packages/Allegro.5.2.3.1/build/native/include/allegro5/platform/aliphonecfg.h" />
		<Unit filename="packages/Allegro.5.2.3.1/build/native/include/allegro5/platform/allegro_sdl_config.h" />
		<Unit filename="packages/Allegro.5.2.3.1/build/native/include/allegro5/platform/almngw32.h" />
		<Unit filename="packages/Allegro.5.2.3.1/build/native/include/allegro5/platform/almsvc.h" />
		<Unit filename="packages/Allegro.5.2.3.1/build/native/include/allegro5/platform/alosx.h" />
		<Unit filename="packages/Allegro.5.2.3.1/build/native/include/allegro5/platform/alosxcfg.h" />
		<Unit filename="packages/Allegro.5.2.3.1/build/native/include/allegro5/platform/alplatf.h" />
		<Unit filename="packages/Allegro.5.2.3.1/build/native/include/allegro5/platform/alraspberrypi.h" />
		<Unit filename="packages/Allegro.5.2.3.1/build/native/include/allegro5/platform/alraspberrypicfg.h" />
		<Unit filename="packages/Allegro.5.2.3.1/build/native/include/allegro5/platform/alucfg.h" />
		<Unit filename="packages/Allegro.5.2.3.1/build/native/include/allegro5/platform/alunix.h" />
		<Unit filename="packages/Allegro.5.2.3.1/build/native/include/allegro5/platform/alwatcom.h" />
		<Unit filename="packages/Allegro.5.2.3.1/build/native/include/allegro5/platform/alwin.h" />
		<Unit filename="packages/Allegro.5.2.3.1/build/native/include/allegro5/platform/astdbool.h" />
		<Unit filename="packages/Allegro.5.2.3.1/build/native/include/allegro5/platform/astdint.h" />
		<Unit filename="packages/Allegro.5.2.3.1/build/native/include/allegro5/render_state.h" />
		<Unit filename="packages/Allegro.5.2.3.1/build/native/include/allegro5/shader.h" />
		<Unit filename="packages/Allegro.5.2.3.1/build/native/include/allegro5/system.h" />
		<Unit filename="packages/Allegro.5.2.3.1/build/native/include/allegro5/threads.h" />
		<Unit filename="packages/Allegro.5.2.3.1/build/native/include/allegro5/timer.h" />
		<Unit filename="packages/Allegro.5.2.3.1/build/native/include/allegro5/tls.h" />
		<Unit filename="packages/Allegro.5.2.3.1/build/native/include/allegro5/touch_input.h" />
		<Unit filename="packages/Allegro.5.2.3.1/build/native/include/allegro5/transformations.h" />
		<Unit filename="packages/Allegro.5.2.3.1/build/native/include/allegro5/utf8.h" />
		<Unit filename="packages/Allegro.5.2.3.1/build/native/v140/win32/bin/allegro-5.2.dll" />
		<Unit filename="packages/Allegro.5.2.3.1/build/native/v140/win32/bin/allegro-debug-5.2.dll" />
		<Unit filename="packages/Allegro.5.2.3.1/build/native/v140/win32/bin/allegro_acodec-5.2.dll" />
		<Unit filename="packages/Allegro.5.2.3.1/build/native/v140/win32/bin/allegro_acodec-debug-5.2.dll" />
		<Unit filename="packages/Allegro.5.2.3.1/build/native/v140/win32/bin/allegro_audio-5.2.dll" />
		<Unit filename="packages/Allegro.5.2.3.1/build/native/v140/win32/bin/allegro_audio-debug-5.2.dll" />
		<Unit filename="packages/Allegro.5.2.3.1/build/native/v140/win32/bin/allegro_color-5.2.dll" />
		<Unit filename="packages/Allegro.5.2.3.1/build/native/v140/win32/bin/allegro_color-debug-5.2.dll" />
		<Unit filename="packages/Allegro.5.2.3.1/build/native/v140/win32/bin/allegro_dialog-5.2.dll" />
		<Unit filename="packages/Allegro.5.2.3.1/build/native/v140/win32/bin/allegro_dialog-debug-5.2.dll" />
		<Unit filename="packages/Allegro.5.2.3.1/build/native/v140/win32/bin/allegro_font-5.2.dll" />
		<Unit filename="packages/Allegro.5.2.3.1/build/native/v140/win32/bin/allegro_font-debug-5.2.dll" />
		<Unit filename="packages/Allegro.5.2.3.1/build/native/v140/win32/bin/allegro_image-5.2.dll" />
		<Unit filename="packages/Allegro.5.2.3.1/build/native/v140/win32/bin/allegro_image-debug-5.2.dll" />
		<Unit filename="packages/Allegro.5.2.3.1/build/native/v140/win32/bin/allegro_main-5.2.dll" />
		<Unit filename="packages/Allegro.5.2.3.1/build/native/v140/win32/bin/allegro_main-debug-5.2.dll" />
		<Unit filename="packages/Allegro.5.2.3.1/build/native/v140/win32/bin/allegro_memfile-5.2.dll" />
		<Unit filename="packages/Allegro.5.2.3.1/build/native/v140/win32/bin/allegro_memfile-debug-5.2.dll" />
		<Unit filename="packages/Allegro.5.2.3.1/build/native/v140/win32/bin/allegro_physfs-5.2.dll" />
		<Unit filename="packages/Allegro.5.2.3.1/build/native/v140/win32/bin/allegro_physfs-debug-5.2.dll" />
		<Unit filename="packages/Allegro.5.2.3.1/build/native/v140/win32/bin/allegro_primitives-5.2.dll" />
		<Unit filename="packages/Allegro.5.2.3.1/build/native/v140/win32/bin/allegro_primitives-debug-5.2.dll" />
		<Unit filename="packages/Allegro.5.2.3.1/build/native/v140/win32/bin/allegro_ttf-5.2.dll" />
		<Unit filename="packages/Allegro.5.2.3.1/build/native/v140/win32/bin/allegro_ttf-debug-5.2.dll" />
		<Unit filename="packages/Allegro.5.2.3.1/build/native/v140/win32/bin/allegro_video-5.2.dll" />
		<Unit filename="packages/Allegro.5.2.3.1/build/native/v140/win32/bin/allegro_video-debug-5.2.dll" />
		<Unit filename="packages/Allegro.5.2.3.1/build/native/v140/win32/lib/allegro-debug.lib" />
		<Unit filename="packages/Allegro.5.2.3.1/build/native/v140/win32/lib/allegro-debug.pdb" />
		<Unit filename="packages/Allegro.5.2.3.1/build/native/v140/win32/lib/allegro.lib" />
		<Unit filename="packages/Allegro.5.2.3.1/build/native/v140/win32/lib/allegro_acodec-debug.lib" />
		<Unit filename="packages/Allegro.5.2.3.1/build/native/v140/win32/lib/allegro_acodec-debug.pdb" />
		<Unit filename="packages/Allegro.5.2.3.1/build/native/v140/win32/lib/allegro_acodec.lib" />
		<Unit filename="packages/Allegro.5.2.3.1/build/native/v140/win32/lib/allegro_audio-debug.lib" />
		<Unit filename="packages/Allegro.5.2.3.1/build/native/v140/win32/lib/allegro_audio-debug.pdb" />
		<Unit filename="packages/Allegro.5.2.3.1/build/native/v140/win32/lib/allegro_audio.lib" />
		<Unit filename="packages/Allegro.5.2.3.1/build/native/v140/win32/lib/allegro_color-debug.lib" />
		<Unit filename="packages/Allegro.5.2.3.1/build/native/v140/win32/lib/allegro_color-debug.pdb" />
		<Unit filename="packages/Allegro.5.2.3.1/build/native/v140/win32/lib/allegro_color.lib" />
		<Unit filename="packages/Allegro.5.2.3.1/build/native/v140/win32/lib/allegro_dialog-debug.lib" />
		<Unit filename="packages/Allegro.5.2.3.1/build/native/v140/win32/lib/allegro_dialog-debug.pdb" />
		<Unit filename="packages/Allegro.5.2.3.1/build/native/v140/win32/lib/allegro_dialog.lib" />
		<Unit filename="packages/Allegro.5.2.3.1/build/native/v140/win32/lib/allegro_font-debug.lib" />
		<Unit filename="packages/Allegro.5.2.3.1/build/native/v140/win32/lib/allegro_font-debug.pdb" />
		<Unit filename="packages/Allegro.5.2.3.1/build/native/v140/win32/lib/allegro_font.lib" />
		<Unit filename="packages/Allegro.5.2.3.1/build/native/v140/win32/lib/allegro_image-debug.lib" />
		<Unit filename="packages/Allegro.5.2.3.1/build/native/v140/win32/lib/allegro_image-debug.pdb" />
		<Unit filename="packages/Allegro.5.2.3.1/build/native/v140/win32/lib/allegro_image.lib" />
		<Unit filename="packages/Allegro.5.2.3.1/build/native/v140/win32/lib/allegro_main-debug.lib" />
		<Unit filename="packages/Allegro.5.2.3.1/build/native/v140/win32/lib/allegro_main-debug.pdb" />
		<Unit filename="packages/Allegro.5.2.3.1/build/native/v140/win32/lib/allegro_main.lib" />
		<Unit filename="packages/Allegro.5.2.3.1/build/native/v140/win32/lib/allegro_memfile-debug.lib" />
		<Unit filename="packages/Allegro.5.2.3.1/build/native/v140/win32/lib/allegro_memfile-debug.pdb" />
		<Unit filename="packages/Allegro.5.2.3.1/build/native/v140/win32/lib/allegro_memfile.lib" />
		<Unit filename="packages/Allegro.5.2.3.1/build/native/v140/win32/lib/allegro_monolith-static.lib" />
		<Unit filename="packages/Allegro.5.2.3.1/build/native/v140/win32/lib/allegro_physfs-debug.lib" />
		<Unit filename="packages/Allegro.5.2.3.1/build/native/v140/win32/lib/allegro_physfs-debug.pdb" />
		<Unit filename="packages/Allegro.5.2.3.1/build/native/v140/win32/lib/allegro_physfs.lib" />
		<Unit filename="packages/Allegro.5.2.3.1/build/native/v140/win32/lib/allegro_primitives-debug.lib" />
		<Unit filename="packages/Allegro.5.2.3.1/build/native/v140/win32/lib/allegro_primitives-debug.pdb" />
		<Unit filename="packages/Allegro.5.2.3.1/build/native/v140/win32/lib/allegro_primitives.lib" />
		<Unit filename="packages/Allegro.5.2.3.1/build/native/v140/win32/lib/allegro_ttf-debug.lib" />
		<Unit filename="packages/Allegro.5.2.3.1/build/native/v140/win32/lib/allegro_ttf-debug.pdb" />
		<Unit filename="packages/Allegro.5.2.3.1/build/native/v140/win32/lib/allegro_ttf.lib" />
		<Unit filename="packages/Allegro.5.2.3.1/build/native/v140/win32/lib/allegro_video-debug.lib" />
		<Unit filename="packages/Allegro.5.2.3.1/build/native/v140/win32/lib/allegro_video-debug.pdb" />
		<Unit filename="packages/Allegro.5.2.3.1/build/native/v140/win32/lib/allegro_video.lib" />
		<Unit filename="packages/Allegro.5.2.3.1/build/native/v140/x64/bin/allegro-5.2.dll" />
		<Unit filename="packages/Allegro.5.2.3.1/build/native/v140/x64/bin/allegro-debug-5.2.dll" />
		<Unit filename="packages/Allegro.5.2.3.1/build/native/v140/x64/bin/allegro_acodec-5.2.dll" />
		<Unit filename="packages/Allegro.5.2.3.1/build/native/v140/x64/bin/allegro_acodec-debug-5.2.dll" />
		<Unit filename="packages/Allegro.5.2.3.1/build/native/v140/x64/bin/allegro_audio-5.2.dll" />
		<Unit filename="packages/Allegro.5.2.3.1/build/native/v140/x64/bin/allegro_audio-debug-5.2.dll" />
		<Unit filename="packages/Allegro.5.2.3.1/build/native/v140/x64/bin/allegro_color-5.2.dll" />
		<Unit filename="packages/Allegro.5.2.3.1/build/native/v140/x64/bin/allegro_color-debug-5.2.dll" />
		<Unit filename="packages/Allegro.5.2.3.1/build/native/v140/x64/bin/allegro_dialog-5.2.dll" />
		<Unit filename="packages/Allegro.5.2.3.1/build/native/v140/x64/bin/allegro_dialog-debug-5.2.dll" />
		<Unit filename="packages/Allegro.5.2.3.1/build/native/v140/x64/bin/allegro_font-5.2.dll" />
		<Unit filename="packages/Allegro.5.2.3.1/build/native/v140/x64/bin/allegro_font-debug-5.2.dll" />
		<Unit filename="packages/Allegro.5.2.3.1/build/native/v140/x64/bin/allegro_image-5.2.dll" />
		<Unit filename="packages/Allegro.5.2.3.1/build/native/v140/x64/bin/allegro_image-debug-5.2.dll" />
		<Unit filename="packages/Allegro.5.2.3.1/build/native/v140/x64/bin/allegro_main-5.2.dll" />
		<Unit filename="packages/Allegro.5.2.3.1/build/native/v140/x64/bin/allegro_main-debug-5.2.dll" />
		<Unit filename="packages/Allegro.5.2.3.1/build/native/v140/x64/bin/allegro_memfile-5.2.dll" />
		<Unit filename="packages/Allegro.5.2.3.1/build/native/v140/x64/bin/allegro_memfile-debug-5.2.dll" />
		<Unit filename="packages/Allegro.5.2.3.1/build/native/v140/x64/bin/allegro_physfs-5.2.dll" />
		<Unit filename="packages/Allegro.5.2.3.1/build/native/v140/x64/bin/allegro_physfs-debug-5.2.dll" />
		<Unit filename="packages/Allegro.5.2.3.1/build/native/v140/x64/bin/allegro_primitives-5.2.dll" />
		<Unit filename="packages/Allegro.5.2.3.1/build/native/v140/x64/bin/allegro_primitives-debug-5.2.dll" />
		<Unit filename="packages/Allegro.5.2.3.1/build/native/v140/x64/bin/allegro_ttf-5.2.dll" />
		<Unit filename="packages/Allegro.5.2.3.1/build/native/v140/x64/bin/allegro_ttf-debug-5.2.dll" />
		<Unit filename="packages/Allegro.5.2.3.1/build/native/v140/x64/bin/allegro_video-5.2.dll" />
		<Unit filename="packages/Allegro.5.2.3.1/build/native/v140/x64/bin/allegro_video-debug-5.2.dll" />
		<Unit filename="packages/Allegro.5.2.3.1/build/native/v140/x64/lib/allegro-debug.lib" />
		<Unit filename="packages/Allegro.5.2.3.1/build/native/v140/x64/lib/allegro-debug.pdb" />
		<Unit filename="packages/Allegro.5.2.3.1/build/native/v140/x64/lib/allegro.lib" />
		<Unit filename="packages/Allegro.5.2.3.1/build/native/v140/x64/lib/allegro_acodec-debug.lib" />
		<Unit filename="packages/Allegro.5.2.3.1/build/native/v140/x64/lib/allegro_acodec-debug.pdb" />
		<Unit filename="packages/Allegro.5.2.3.1/build/native/v140/x64/lib/allegro_acodec.lib" />
		<Unit filename="packages/Allegro.5.2.3.1/build/native/v140/x64/lib/allegro_audio-debug.lib" />
		<Unit filename="packages/Allegro.5.2.3.1/build/native/v140/x64/lib/allegro_audio-debug.pdb" />
		<Unit filename="packages/Allegro.5.2.3.1/build/native/v140/x64/lib/allegro_audio.lib" />
		<Unit filename="packages/Allegro.5.2.3.1/build/native/v140/x64/lib/allegro_color-debug.lib" />
		<Unit filename="packages/Allegro.5.2.3.1/build/native/v140/x64/lib/allegro_color-debug.pdb" />
		<Unit filename="packages/Allegro.5.2.3.1/build/native/v140/x64/lib/allegro_color.lib" />
		<Unit filename="packages/Allegro.5.2.3.1/build/native/v140/x64/lib/allegro_dialog-debug.lib" />
		<Unit filename="packages/Allegro.5.2.3.1/build/native/v140/x64/lib/allegro_dialog-debug.pdb" />
		<Unit filename="packages/Allegro.5.2.3.1/build/native/v140/x64/lib/allegro_dialog.lib" />
		<Unit filename="packages/Allegro.5.2.3.1/build/native/v140/x64/lib/allegro_font-debug.lib" />
		<Unit filename="packages/Allegro.5.2.3.1/build/native/v140/x64/lib/allegro_font-debug.pdb" />
		<Unit filename="packages/Allegro.5.2.3.1/build/native/v140/x64/lib/allegro_font.lib" />
		<Unit filename="packages/Allegro.5.2.3.1/build/native/v140/x64/lib/allegro_image-debug.lib" />
		<Unit filename="packages/Allegro.5.2.3.1/build/native/v140/x64/lib/allegro_image-debug.pdb" />
		<Unit filename="packages/Allegro.5.2.3.1/build/native/v140/x64/lib/allegro_image.lib" />
		<Unit filename="packages/Allegro.5.2.3.1/build/native/v140/x64/lib/allegro_main-debug.lib" />
		<Unit filename="packages/Allegro.5.2.3.1/build/native/v140/x64/lib/allegro_main-debug.pdb" />
		<Unit filename="packages/Allegro.5.2.3.1/build/native/v140/x64/lib/allegro_main.lib" />
		<Unit filename="packages/Allegro.5.2.3.1/build/native/v140/x64/lib/allegro_memfile-debug.lib" />
		<Unit filename="packages/Allegro.5.2.3.1/build/native/v140/x64/lib/allegro_memfile-debug.pdb" />
		<Unit filename="packages/Allegro.5.2.3.1/build/native/v140/x64/lib/allegro_memfile.lib" />
		<Unit filename="packages/Allegro.5.2.3.1/build/native/v140/x64/lib/allegro_monolith-static.lib" />
		<Unit filename="packages/Allegro.5.2.3.1/build/native/v140/x64/lib/allegro_physfs-debug.lib" />
		<Unit filename="packages/Allegro.5.2.3.1/build/native/v140/x64/lib/allegro_physfs-debug.pdb" />
		<Unit filename="packages/Allegro.5.2.3.1/build/native/v140/x64/lib/allegro_physfs.lib" />
		<Unit filename="packages/Allegro.5.2.3.1/build/native/v140/x64/lib/allegro_primitives-debug.lib" />
		<Unit filename="packages/Allegro.5.2.3.1/build/native/v140/x64/lib/allegro_primitives-debug.pdb" />
		<Unit filename="packages/Allegro.5.2.3.1/build/native/v140/x64/lib/allegro_primitives.lib" />
		<Unit filename="packages/Allegro.5.2.3.1/build/native/v140/x64/lib/allegro_ttf-debug.lib" />
		<Unit filename="packages/Allegro.5.2.3.1/build/native/v140/x64/lib/allegro_ttf-debug.pdb" />
		<Unit filename="packages/Allegro.5.2.3.1/build/native/v140/x64/lib/allegro_ttf.lib" />
		<Unit filename="packages/Allegro.5.2.3.1/build/native/v140/x64/lib/allegro_video-debug.lib" />
		<Unit filename="packages/Allegro.5.2.3.1/build/native/v140/x64/lib/allegro_video-debug.pdb" />
		<Unit filename="packages/Allegro.5.2.3.1/build/native/v140/x64/lib/allegro_video.lib" />
		<Unit filename="packages/Allegro.5.2.3.1/build/native/v141/win32/bin/allegro-5.2.dll" />
		<Unit filename="packages/Allegro.5.2.3.1/build/native/v141/win32/bin/allegro-debug-5.2.dll" />
		<Unit filename="packages/Allegro.5.2.3.1/build/native/v141/win32/bin/allegro_acodec-5.2.dll" />
		<Unit filename="packages/Allegro.5.2.3.1/build/native/v141/win32/bin/allegro_acodec-debug-5.2.dll" />
		<Unit filename="packages/Allegro.5.2.3.1/build/native/v141/win32/bin/allegro_audio-5.2.dll" />
		<Unit filename="packages/Allegro.5.2.3.1/build/native/v141/win32/bin/allegro_audio-debug-5.2.dll" />
		<Unit filename="packages/Allegro.5.2.3.1/build/native/v141/win32/bin/allegro_color-5.2.dll" />
		<Unit filename="packages/Allegro.5.2.3.1/build/native/v141/win32/bin/allegro_color-debug-5.2.dll" />
		<Unit filename="packages/Allegro.5.2.3.1/build/native/v141/win32/bin/allegro_dialog-5.2.dll" />
		<Unit filename="packages/Allegro.5.2.3.1/build/native/v141/win32/bin/allegro_dialog-debug-5.2.dll" />
		<Unit filename="packages/Allegro.5.2.3.1/build/native/v141/win32/bin/allegro_font-5.2.dll" />
		<Unit filename="packages/Allegro.5.2.3.1/build/native/v141/win32/bin/allegro_font-debug-5.2.dll" />
		<Unit filename="packages/Allegro.5.2.3.1/build/native/v141/win32/bin/allegro_image-5.2.dll" />
		<Unit filename="packages/Allegro.5.2.3.1/build/native/v141/win32/bin/allegro_image-debug-5.2.dll" />
		<Unit filename="packages/Allegro.5.2.3.1/build/native/v141/win32/bin/allegro_main-5.2.dll" />
		<Unit filename="packages/Allegro.5.2.3.1/build/native/v141/win32/bin/allegro_main-debug-5.2.dll" />
		<Unit filename="packages/Allegro.5.2.3.1/build/native/v141/win32/bin/allegro_memfile-5.2.dll" />
		<Unit filename="packages/Allegro.5.2.3.1/build/native/v141/win32/bin/allegro_memfile-debug-5.2.dll" />
		<Unit filename="packages/Allegro.5.2.3.1/build/native/v141/win32/bin/allegro_physfs-5.2.dll" />
		<Unit filename="packages/Allegro.5.2.3.1/build/native/v141/win32/bin/allegro_physfs-debug-5.2.dll" />
		<Unit filename="packages/Allegro.5.2.3.1/build/native/v141/win32/bin/allegro_primitives-5.2.dll" />
		<Unit filename="packages/Allegro.5.2.3.1/build/native/v141/win32/bin/allegro_primitives-debug-5.2.dll" />
		<Unit filename="packages/Allegro.5.2.3.1/build/native/v141/win32/bin/allegro_ttf-5.2.dll" />
		<Unit filename="packages/Allegro.5.2.3.1/build/native/v141/win32/bin/allegro_ttf-debug-5.2.dll" />
		<Unit filename="packages/Allegro.5.2.3.1/build/native/v141/win32/bin/allegro_video-5.2.dll" />
		<Unit filename="packages/Allegro.5.2.3.1/build/native/v141/win32/bin/allegro_video-debug-5.2.dll" />
		<Unit filename="packages/Allegro.5.2.3.1/build/native/v141/win32/lib/allegro-debug.lib" />
		<Unit filename="packages/Allegro.5.2.3.1/build/native/v141/win32/lib/allegro-debug.pdb" />
		<Unit filename="packages/Allegro.5.2.3.1/build/native/v141/win32/lib/allegro.lib" />
		<Unit filename="packages/Allegro.5.2.3.1/build/native/v141/win32/lib/allegro_acodec-debug.lib" />
		<Unit filename="packages/Allegro.5.2.3.1/build/native/v141/win32/lib/allegro_acodec-debug.pdb" />
		<Unit filename="packages/Allegro.5.2.3.1/build/native/v141/win32/lib/allegro_acodec.lib" />
		<Unit filename="packages/Allegro.5.2.3.1/build/native/v141/win32/lib/allegro_audio-debug.lib" />
		<Unit filename="packages/Allegro.5.2.3.1/build/native/v141/win32/lib/allegro_audio-debug.pdb" />
		<Unit filename="packages/Allegro.5.2.3.1/build/native/v141/win32/lib/allegro_audio.lib" />
		<Unit filename="packages/Allegro.5.2.3.1/build/native/v141/win32/lib/allegro_color-debug.lib" />
		<Unit filename="packages/Allegro.5.2.3.1/build/native/v141/win32/lib/allegro_color-debug.pdb" />
		<Unit filename="packages/Allegro.5.2.3.1/build/native/v141/win32/lib/allegro_color.lib" />
		<Unit filename="packages/Allegro.5.2.3.1/build/native/v141/win32/lib/allegro_dialog-debug.lib" />
		<Unit filename="packages/Allegro.5.2.3.1/build/native/v141/win32/lib/allegro_dialog-debug.pdb" />
		<Unit filename="packages/Allegro.5.2.3.1/build/native/v141/win32/lib/allegro_dialog.lib" />
		<Unit filename="packages/Allegro.5.2.3.1/build/native/v141/win32/lib/allegro_font-debug.lib" />
		<Unit filename="packages/Allegro.5.2.3.1/build/native/v141/win32/lib/allegro_font-debug.pdb" />
		<Unit filename="packages/Allegro.5.2.3.1/build/native/v141/win32/lib/allegro_font.lib" />
		<Unit filename="packages/Allegro.5.2.3.1/build/native/v141/win32/lib/allegro_image-debug.lib" />
		<Unit filename="packages/Allegro.5.2.3.1/build/native/v141/win32/lib/allegro_image-debug.pdb" />
		<Unit filename="packages/Allegro.5.2.3.1/build/native/v141/win32/lib/allegro_image.lib" />
		<Unit filename="packages/Allegro.5.2.3.1/build/native/v141/win32/lib/allegro_main-debug.lib" />
		<Unit filename="packages/Allegro.5.2.3.1/build/native/v141/win32/lib/allegro_main-debug.pdb" />
		<Unit filename="packages/Allegro.5.2.3.1/build/native/v141/win32/lib/allegro_main.lib" />
		<Unit filename="packages/Allegro.5.2.3.1/build/native/v141/win32/lib/allegro_memfile-debug.lib" />
		<Unit filename="packages/Allegro.5.2.3.1/build/native/v141/win32/lib/allegro_memfile-debug.pdb" />
		<Unit filename="packages/Allegro.5.2.3.1/build/native/v141/win32/lib/allegro_memfile.lib" />
		<Unit filename="packages/Allegro.5.2.3.1/build/native/v141/win32/lib/allegro_monolith-static.lib" />
		<Unit filename="packages/Allegro.5.2.3.1/build/native/v141/win32/lib/allegro_physfs-debug.lib" />
		<Unit filename="packages/Allegro.5.2.3.1/build/native/v141/win32/lib/allegro_physfs-debug.pdb" />
		<Unit filename="packages/Allegro.5.2.3.1/build/native/v141/win32/lib/allegro_physfs.lib" />
		<Unit filename="packages/Allegro.5.2.3.1/build/native/v141/win32/lib/allegro_primitives-debug.lib" />
		<Unit filename="packages/Allegro.5.2.3.1/build/native/v141/win32/lib/allegro_primitives-debug.pdb" />
		<Unit filename="packages/Allegro.5.2.3.1/build/native/v141/win32/lib/allegro_primitives.lib" />
		<Unit filename="packages/Allegro.5.2.3.1/build/native/v141/win32/lib/allegro_ttf-debug.lib" />
		<Unit filename="packages/Allegro.5.2.3.1/build/native/v141/win32/lib/allegro_ttf-debug.pdb" />
		<Unit filename="packages/Allegro.5.2.3.1/build/native/v141/win32/lib/allegro_ttf.lib" />
		<Unit filename="packages/Allegro.5.2.3.1/build/native/v141/win32/lib/allegro_video-debug.lib" />
		<Unit filename="packages/Allegro.5.2.3.1/build/native/v141/win32/lib/allegro_video-debug.pdb" />
		<Unit filename="packages/Allegro.5.2.3.1/build/native/v141/win32/lib/allegro_video.lib" />
		<Unit filename="packages/Allegro.5.2.3.1/build/native/v141/x64/bin/allegro-5.2.dll" />
		<Unit filename="packages/Allegro.5.2.3.1/build/native/v141/x64/bin/allegro-debug-5.2.dll" />
		<Unit filename="packages/Allegro.5.2.3.1/build/native/v141/x64/bin/allegro_acodec-5.2.dll" />
		<Unit filename="packages/Allegro.5.2.3.1/build/native/v141/x64/bin/allegro_acodec-debug-5.2.dll" />
		<Unit filename="packages/Allegro.5.2.3.1/build/native/v141/x64/bin/allegro_audio-5.2.dll" />
		<Unit filename="packages/Allegro.5.2.3.1/build/native/v141/x64/bin/allegro_audio-debug-5.2.dll" />
		<Unit filename="packages/Allegro.5.2.3.1/build/native/v141/x64/bin/allegro_color-5.2.dll" />
		<Unit filename="packages/Allegro.5.2.3.1/build/native/v141/x64/bin/allegro_color-debug-5.2.dll" />
		<Unit filename="packages/Allegro.5.2.3.1/build/native/v141/x64/bin/allegro_dialog-5.2.dll" />
		<Unit filename="packages/Allegro.5.2.3.1/build/native/v141/x64/bin/allegro_dialog-debug-5.2.dll" />
		<Unit filename="packages/Allegro.5.2.3.1/build/native/v141/x64/bin/allegro_font-5.2.dll" />
		<Unit filename="packages/Allegro.5.2.3.1/build/native/v141/x64/bin/allegro_font-debug-5.2.dll" />
		<Unit filename="packages/Allegro.5.2.3.1/build/native/v141/x64/bin/allegro_image-5.2.dll" />
		<Unit filename="packages/Allegro.5.2.3.1/build/native/v141/x64/bin/allegro_image-debug-5.2.dll" />
		<Unit filename="packages/Allegro.5.2.3.1/build/native/v141/x64/bin/allegro_main-5.2.dll" />
		<Unit filename="packages/Allegro.5.2.3.1/build/native/v141/x64/bin/allegro_main-debug-5.2.dll" />
		<Unit filename="packages/Allegro.5.2.3.1/build/native/v141/x64/bin/allegro_memfile-5.2.dll" />
		<Unit filename="packages/Allegro.5.2.3.1/build/native/v141/x64/bin/allegro_memfile-debug-5.2.dll" />
		<Unit filename="packages/Allegro.5.2.3.1/build/native/v141/x64/bin/allegro_physfs-5.2.dll" />
		<Unit filename="packages/Allegro.5.2.3.1/build/native/v141/x64/bin/allegro_physfs-debug-5.2.dll" />
		<Unit filename="packages/Allegro.5.2.3.1/build/native/v141/x64/bin/allegro_primitives-5.2.dll" />
		<Unit filename="packages/Allegro.5.2.3.1/build/native/v141/x64/bin/allegro_primitives-debug-5.2.dll" />
		<Unit filename="packages/Allegro.5.2.3.1/build/native/v141/x64/bin/allegro_ttf-5.2.dll" />
		<Unit filename="packages/Allegro.5.2.3.1/build/native/v141/x64/bin/allegro_ttf-debug-5.2.dll" />
		<Unit filename="packages/Allegro.5.2.3.1/build/native/v141/x64/bin/allegro_video-5.2.dll" />
		<Unit filename="packages/Allegro.5.2.3.1/build/native/v141/x64/bin/allegro_video-debug-5.2.dll" />
		<Unit filename="packages/Allegro.5.2.3.1/build/native/v141/x64/lib/allegro-debug.lib" />
		<Unit filename="packages/Allegro.5.2.3.1/build/native/v141/x64/lib/allegro-debug.pdb" />
		<Unit filename="packages/Allegro.5.2.3.1/build/native/v141/x64/lib/allegro.lib" />
		<Unit filename="packages/Allegro.5.2.3.1/build/native/v141/x64/lib/allegro_acodec-debug.lib" />
		<Unit filename="packages/Allegro.5.2.3.1/build/native/v141/x64/lib/allegro_acodec-debug.pdb" />
		<Unit filename="packages/Allegro.5.2.3.1/build/native/v141/x64/lib/allegro_acodec.lib" />
		<Unit filename="packages/Allegro.5.2.3.1/build/native/v141/x64/lib/allegro_audio-debug.lib" />
		<Unit filename="packages/Allegro.5.2.3.1/build/native/v141/x64/lib/allegro_audio-debug.pdb" />
		<Unit filename="packages/Allegro.5.2.3.1/build/native/v141/x64/lib/allegro_audio.lib" />
		<Unit filename="packages/Allegro.5.2.3.1/build/native/v141/x64/lib/allegro_color-debug.lib" />
		<Unit filename="packages/Allegro.5.2.3.1/build/native/v141/x64/lib/allegro_color-debug.pdb" />
		<Unit filename="packages/Allegro.5.2.3.1/build/native/v141/x64/lib/allegro_color.lib" />
		<Unit filename="packages/Allegro.5.2.3.1/build/native/v141/x64/lib/allegro_dialog-debug.lib" />
		<Unit filename="packages/Allegro.5.2.3.1/build/native/v141/x64/lib/allegro_dialog-debug.pdb" />
		<Unit filename="packages/Allegro.5.2.3.1/build/native/v141/x64/lib/allegro_dialog.lib" />
		<Unit filename="packages/Allegro.5.2.3.1/build/native/v141/x64/lib/allegro_font-debug.lib" />
		<Unit filename="packages/Allegro.5.2.3.1/build/native/v141/x64/lib/allegro_font-debug.pdb" />
		<Unit filename="packages/Allegro.5.2.3.1/build/native/v141/x64/lib/allegro_font.lib" />
		<Unit filename="packages/Allegro.5.2.3.1/build/native/v141/x64/lib/allegro_image-debug.lib" />
		<Unit filename="packages/Allegro.5.2.3.1/build/native/v141/x64/lib/allegro_image-debug.pdb" />
		<Unit filename="packages/Allegro.5.2.3.1/build/native/v141/x64/lib/allegro_image.lib" />
		<Unit filename="packages/Allegro.5.2.3.1/build/native/v141/x64/lib/allegro_main-debug.lib" />
		<Unit filename="packages/Allegro.5.2.3.1/build/native/v141/x64/lib/allegro_main-debug.pdb" />
		<Unit filename="packages/Allegro.5.2.3.1/build/native/v141/x64/lib/allegro_main.lib" />
		<Unit filename="packages/Allegro.5.2.3.1/build/native/v141/x64/lib/allegro_memfile-debug.lib" />
		<Unit filename="packages/Allegro.5.2.3.1/build/native/v141/x64/lib/allegro_memfile-debug.pdb" />
		<Unit filename="packages/Allegro.5.2.3.1/build/native/v141/x64/lib/allegro_memfile.lib" />
		<Unit filename="packages/Allegro.5.2.3.1/build/native/v141/x64/lib/allegro_monolith-static.lib" />
		<Unit filename="packages/Allegro.5.2.3.1/build/native/v141/x64/lib/allegro_physfs-debug.lib" />
		<Unit filename="packages/Allegro.5.2.3.1/build/native/v141/x64/lib/allegro_physfs-debug.pdb" />
		<Unit filename="packages/Allegro.5.2.3.1/build/native/v141/x64/lib/allegro_physfs.lib" />
		<Unit filename="packages/Allegro.5.2.3.1/build/native/v141/x64/lib/allegro_primitives-debug.lib" />
		<Unit filename="packages/Allegro.5.2.3.1/build/native/v141/x64/lib/allegro_primitives-debug.pdb" />
		<Unit filename="packages/Allegro.5.2.3.1/build/native/v141/x64/lib/allegro_primitives.lib" />
		<Unit filename="packages/Allegro.5.2.3.1/build/native/v141/x64/lib/allegro_ttf-debug.lib" />
		<Unit filename="packages/Allegro.5.2.3.1/build/native/v141/x64/lib/allegro_ttf-debug.pdb" />
		<Unit filename="packages/Allegro.5.2.3.1/build/native/v141/x64/lib/allegro_ttf.lib" />
		<Unit filename="packages/Allegro.5.2.3.1/build/native/v141/x64/lib/allegro_video-debug.lib" />
		<Unit filename="packages/Allegro.5.2.3.1/build/native/v141/x64/lib/allegro_video-debug.pdb" />
		<Unit filename="packages/Allegro.5.2.3.1/build/native/v141/x64/lib/allegro_video.lib" />
		<Unit filename="packages/AllegroDeps.1.7.0.0/AllegroDeps.1.7.0.0.nupkg" />
		<Unit filename="packages/AllegroDeps.1.7.0.0/build/native/AllegroDeps.targets" />
		<Unit filename="packages/AllegroDeps.1.7.0.0/build/native/include/FLAC/all.h" />
		<Unit filename="packages/AllegroDeps.1.7.0.0/build/native/include/FLAC/assert.h" />
		<Unit filename="packages/AllegroDeps.1.7.0.0/build/native/include/FLAC/callback.h" />
		<Unit filename="packages/AllegroDeps.1.7.0.0/build/native/include/FLAC/export.h" />
		<Unit filename="packages/AllegroDeps.1.7.0.0/build/native/include/FLAC/format.h" />
		<Unit filename="packages/AllegroDeps.1.7.0.0/build/native/include/FLAC/metadata.h" />
		<Unit filename="packages/AllegroDeps.1.7.0.0/build/native/include/FLAC/ordinals.h" />
		<Unit filename="packages/AllegroDeps.1.7.0.0/build/native/include/FLAC/stream_decoder.h" />
		<Unit filename="packages/AllegroDeps.1.7.0.0/build/native/include/FLAC/stream_encoder.h" />
		<Unit filename="packages/AllegroDeps.1.7.0.0/build/native/include/dumb.h" />
		<Unit filename="packages/AllegroDeps.1.7.0.0/build/native/include/freetype2/freetype/config/ftconfig.h" />
		<Unit filename="packages/AllegroDeps.1.7.0.0/build/native/include/freetype2/freetype/config/ftheader.h" />
		<Unit filename="packages/AllegroDeps.1.7.0.0/build/native/include/freetype2/freetype/config/ftmodule.h" />
		<Unit filename="packages/AllegroDeps.1.7.0.0/build/native/include/freetype2/freetype/config/ftoption.h" />
		<Unit filename="packages/AllegroDeps.1.7.0.0/build/native/include/freetype2/freetype/config/ftstdlib.h" />
		<Unit filename="packages/AllegroDeps.1.7.0.0/build/native/include/freetype2/freetype/freetype.h" />
		<Unit filename="packages/AllegroDeps.1.7.0.0/build/native/include/freetype2/freetype/ftadvanc.h" />
		<Unit filename="packages/AllegroDeps.1.7.0.0/build/native/include/freetype2/freetype/ftautoh.h" />
		<Unit filename="packages/AllegroDeps.1.7.0.0/build/native/include/freetype2/freetype/ftbbox.h" />
		<Unit filename="packages/AllegroDeps.1.7.0.0/build/native/include/freetype2/freetype/ftbdf.h" />
		<Unit filename="packages/AllegroDeps.1.7.0.0/build/native/include/freetype2/freetype/ftbitmap.h" />
		<Unit filename="packages/AllegroDeps.1.7.0.0/build/native/include/freetype2/freetype/ftbzip2.h" />
		<Unit filename="packages/AllegroDeps.1.7.0.0/build/native/include/freetype2/freetype/ftcache.h" />
		<Unit filename="packages/AllegroDeps.1.7.0.0/build/native/include/freetype2/freetype/ftcffdrv.h" />
		<Unit filename="packages/AllegroDeps.1.7.0.0/build/native/include/freetype2/freetype/ftchapters.h" />
		<Unit filename="packages/AllegroDeps.1.7.0.0/build/native/include/freetype2/freetype/ftcid.h" />
		<Unit filename="packages/AllegroDeps.1.7.0.0/build/native/include/freetype2/freetype/fterrdef.h" />
		<Unit filename="packages/AllegroDeps.1.7.0.0/build/native/include/freetype2/freetype/fterrors.h" />
		<Unit filename="packages/AllegroDeps.1.7.0.0/build/native/include/freetype2/freetype/ftfntfmt.h" />
		<Unit filename="packages/AllegroDeps.1.7.0.0/build/native/include/freetype2/freetype/ftgasp.h" />
		<Unit filename="packages/AllegroDeps.1.7.0.0/build/native/include/freetype2/freetype/ftglyph.h" />
		<Unit filename="packages/AllegroDeps.1.7.0.0/build/native/include/freetype2/freetype/ftgxval.h" />
		<Unit filename="packages/AllegroDeps.1.7.0.0/build/native/include/freetype2/freetype/ftgzip.h" />
		<Unit filename="packages/AllegroDeps.1.7.0.0/build/native/include/freetype2/freetype/ftimage.h" />
		<Unit filename="packages/AllegroDeps.1.7.0.0/build/native/include/freetype2/freetype/ftincrem.h" />
		<Unit filename="packages/AllegroDeps.1.7.0.0/build/native/include/freetype2/freetype/ftlcdfil.h" />
		<Unit filename="packages/AllegroDeps.1.7.0.0/build/native/include/freetype2/freetype/ftlist.h" />
		<Unit filename="packages/AllegroDeps.1.7.0.0/build/native/include/freetype2/freetype/ftlzw.h" />
		<Unit filename="packages/AllegroDeps.1.7.0.0/build/native/include/freetype2/freetype/ftmac.h" />
		<Unit filename="packages/AllegroDeps.1.7.0.0/build/native/include/freetype2/freetype/ftmm.h" />
		<Unit filename="packages/AllegroDeps.1.7.0.0/build/native/include/freetype2/freetype/ftmodapi.h" />
		<Unit filename="packages/AllegroDeps.1.7.0.0/build/native/include/freetype2/freetype/ftmoderr.h" />
		<Unit filename="packages/AllegroDeps.1.7.0.0/build/native/include/freetype2/freetype/ftotval.h" />
		<Unit filename="packages/AllegroDeps.1.7.0.0/build/native/include/freetype2/freetype/ftoutln.h" />
		<Unit filename="packages/AllegroDeps.1.7.0.0/build/native/include/freetype2/freetype/ftpcfdrv.h" />
		<Unit filename="packages/AllegroDeps.1.7.0.0/build/native/include/freetype2/freetype/ftpfr.h" />
		<Unit filename="packages/AllegroDeps.1.7.0.0/build/native/include/freetype2/freetype/ftrender.h" />
		<Unit filename="packages/AllegroDeps.1.7.0.0/build/native/include/freetype2/freetype/ftsizes.h" />
		<Unit filename="packages/AllegroDeps.1.7.0.0/build/native/include/freetype2/freetype/ftsnames.h" />
		<Unit filename="packages/AllegroDeps.1.7.0.0/build/native/include/freetype2/freetype/ftstroke.h" />
		<Unit filename="packages/AllegroDeps.1.7.0.0/build/native/include/freetype2/freetype/ftsynth.h" />
		<Unit filename="packages/AllegroDeps.1.7.0.0/build/native/include/freetype2/freetype/ftsystem.h" />
		<Unit filename="packages/AllegroDeps.1.7.0.0/build/native/include/freetype2/freetype/fttrigon.h" />
		<Unit filename="packages/AllegroDeps.1.7.0.0/build/native/include/freetype2/freetype/ftttdrv.h" />
		<Unit filename="packages/AllegroDeps.1.7.0.0/build/native/include/freetype2/freetype/fttypes.h" />
		<Unit filename="packages/AllegroDeps.1.7.0.0/build/native/include/freetype2/freetype/ftwinfnt.h" />
		<Unit filename="packages/AllegroDeps.1.7.0.0/build/native/include/freetype2/freetype/t1tables.h" />
		<Unit filename="packages/AllegroDeps.1.7.0.0/build/native/include/freetype2/freetype/ttnameid.h" />
		<Unit filename="packages/AllegroDeps.1.7.0.0/build/native/include/freetype2/freetype/tttables.h" />
		<Unit filename="packages/AllegroDeps.1.7.0.0/build/native/include/freetype2/freetype/tttags.h" />
		<Unit filename="packages/AllegroDeps.1.7.0.0/build/native/include/freetype2/freetype/ttunpat.h" />
		<Unit filename="packages/AllegroDeps.1.7.0.0/build/native/include/freetype2/ft2build.h" />
		<Unit filename="packages/AllegroDeps.1.7.0.0/build/native/include/jconfig.h" />
		<Unit filename="packages/AllegroDeps.1.7.0.0/build/native/include/jerror.h" />
		<Unit filename="packages/AllegroDeps.1.7.0.0/build/native/include/jmorecfg.h" />
		<Unit filename="packages/AllegroDeps.1.7.0.0/build/native/include/jpeglib.h" />
		<Unit filename="packages/AllegroDeps.1.7.0.0/build/native/include/libpng16/png.h" />
		<Unit filename="packages/AllegroDeps.1.7.0.0/build/native/include/libpng16/pngconf.h" />
		<Unit filename="packages/AllegroDeps.1.7.0.0/build/native/include/libpng16/pnglibconf.h" />
		<Unit filename="packages/AllegroDeps.1.7.0.0/build/native/include/ogg/ogg.h" />
		<Unit filename="packages/AllegroDeps.1.7.0.0/build/native/include/ogg/os_types.h" />
		<Unit filename="packages/AllegroDeps.1.7.0.0/build/native/include/opus/opus.h" />
		<Unit filename="packages/AllegroDeps.1.7.0.0/build/native/include/opus/opus_defines.h" />
		<Unit filename="packages/AllegroDeps.1.7.0.0/build/native/include/opus/opus_multistream.h" />
		<Unit filename="packages/AllegroDeps.1.7.0.0/build/native/include/opus/opus_types.h" />
		<Unit filename="packages/AllegroDeps.1.7.0.0/build/native/include/opus/opusfile.h" />
		<Unit filename="packages/AllegroDeps.1.7.0.0/build/native/include/physfs.h" />
		<Unit filename="packages/AllegroDeps.1.7.0.0/build/native/include/png.h" />
		<Unit filename="packages/AllegroDeps.1.7.0.0/build/native/include/pngconf.h" />
		<Unit filename="packages/AllegroDeps.1.7.0.0/build/native/include/pnglibconf.h" />
		<Unit filename="packages/AllegroDeps.1.7.0.0/build/native/include/theora/codec.h" />
		<Unit filename="packages/AllegroDeps.1.7.0.0/build/native/include/theora/theora.h" />
		<Unit filename="packages/AllegroDeps.1.7.0.0/build/native/include/theora/theoradec.h" />
		<Unit filename="packages/AllegroDeps.1.7.0.0/build/native/include/vorbis/codec.h" />
		<Unit filename="packages/AllegroDeps.1.7.0.0/build/native/include/vorbis/vorbisenc.h" />
		<Unit filename="packages/AllegroDeps.1.7.0.0/build/native/include/vorbis/vorbisfile.h" />
		<Unit filename="packages/AllegroDeps.1.7.0.0/build/native/include/zconf.h" />
		<Unit filename="packages/AllegroDeps.1.7.0.0/build/native/include/zlib.h" />
		<Unit filename="packages/AllegroDeps.1.7.0.0/build/native/v140/win32/deps/lib/FLAC.lib" />
		<Unit filename="packages/AllegroDeps.1.7.0.0/build/native/v140/win32/deps/lib/dumb.lib" />
		<Unit filename="packages/AllegroDeps.1.7.0.0/build/native/v140/win32/deps/lib/freetype.lib" />
		<Unit filename="packages/AllegroDeps.1.7.0.0/build/native/v140/win32/deps/lib/jpeg.lib" />
		<Unit filename="packages/AllegroDeps.1.7.0.0/build/native/v140/win32/deps/lib/libpng16.lib" />
		<Unit filename="packages/AllegroDeps.1.7.0.0/build/native/v140/win32/deps/lib/ogg.lib" />
		<Unit filename="packages/AllegroDeps.1.7.0.0/build/native/v140/win32/deps/lib/opus.lib" />
		<Unit filename="packages/AllegroDeps.1.7.0.0/build/native/v140/win32/deps/lib/opusfile.lib" />
		<Unit filename="packages/AllegroDeps.1.7.0.0/build/native/v140/win32/deps/lib/physfs.lib" />
		<Unit filename="packages/AllegroDeps.1.7.0.0/build/native/v140/win32/deps/lib/theoradec.lib" />
		<Unit filename="packages/AllegroDeps.1.7.0.0/build/native/v140/win32/deps/lib/vorbis.lib" />
		<Unit filename="packages/AllegroDeps.1.7.0.0/build/native/v140/win32/deps/lib/vorbisfile.lib" />
		<Unit filename="packages/AllegroDeps.1.7.0.0/build/native/v140/win32/deps/lib/zlib.lib" />
		<Unit filename="packages/AllegroDeps.1.7.0.0/build/native/v140/x64/deps/lib/FLAC.lib" />
		<Unit filename="packages/AllegroDeps.1.7.0.0/build/native/v140/x64/deps/lib/dumb.lib" />
		<Unit filename="packages/AllegroDeps.1.7.0.0/build/native/v140/x64/deps/lib/freetype.lib" />
		<Unit filename="packages/AllegroDeps.1.7.0.0/build/native/v140/x64/deps/lib/jpeg.lib" />
		<Unit filename="packages/AllegroDeps.1.7.0.0/build/native/v140/x64/deps/lib/libpng16.lib" />
		<Unit filename="packages/AllegroDeps.1.7.0.0/build/native/v140/x64/deps/lib/ogg.lib" />
		<Unit filename="packages/AllegroDeps.1.7.0.0/build/native/v140/x64/deps/lib/opus.lib" />
		<Unit filename="packages/AllegroDeps.1.7.0.0/build/native/v140/x64/deps/lib/opusfile.lib" />
		<Unit filename="packages/AllegroDeps.1.7.0.0/build/native/v140/x64/deps/lib/physfs.lib" />
		<Unit filename="packages/AllegroDeps.1.7.0.0/build/native/v140/x64/deps/lib/theoradec.lib" />
		<Unit filename="packages/AllegroDeps.1.7.0.0/build/native/v140/x64/deps/lib/vorbis.lib" />
		<Unit filename="packages/AllegroDeps.1.7.0.0/build/native/v140/x64/deps/lib/vorbisfile.lib" />
		<Unit filename="packages/AllegroDeps.1.7.0.0/build/native/v140/x64/deps/lib/zlib.lib" />
		<Unit filename="packages/AllegroDeps.1.7.0.0/build/native/v141/win32/deps/lib/FLAC.lib" />
		<Unit filename="packages/AllegroDeps.1.7.0.0/build/native/v141/win32/deps/lib/dumb.lib" />
		<Unit filename="packages/AllegroDeps.1.7.0.0/build/native/v141/win32/deps/lib/freetype.lib" />
		<Unit filename="packages/AllegroDeps.1.7.0.0/build/native/v141/win32/deps/lib/jpeg.lib" />
		<Unit filename="packages/AllegroDeps.1.7.0.0/build/native/v141/win32/deps/lib/libpng16.lib" />
		<Unit filename="packages/AllegroDeps.1.7.0.0/build/native/v141/win32/deps/lib/ogg.lib" />
		<Unit filename="packages/AllegroDeps.1.7.0.0/build/native/v141/win32/deps/lib/opus.lib" />
		<Unit filename="packages/AllegroDeps.1.7.0.0/build/native/v141/win32/deps/lib/opusfile.lib" />
		<Unit filename="packages/AllegroDeps.1.7.0.0/build/native/v141/win32/deps/lib/physfs.lib" />
		<Unit filename="packages/AllegroDeps.1.7.0.0/build/native/v141/win32/deps/lib/theoradec.lib" />
		<Unit filename="packages/AllegroDeps.1.7.0.0/build/native/v141/win32/deps/lib/vorbis.lib" />
		<Unit filename="packages/AllegroDeps.1.7.0.0/build/native/v141/win32/deps/lib/vorbisfile.lib" />
		<Unit filename="packages/AllegroDeps.1.7.0.0/build/native/v141/win32/deps/lib/zlib.lib" />
		<Unit filename="packages/AllegroDeps.1.7.0.0/build/native/v141/x64/deps/lib/FLAC.lib" />
		<Unit filename="packages/AllegroDeps.1.7.0.0/build/native/v141/x64/deps/lib/dumb.lib" />
		<Unit filename="packages/AllegroDeps.1.7.0.0/build/native/v141/x64/deps/lib/freetype.lib" />
		<Unit filename="packages/AllegroDeps.1.7.0.0/build/native/v141/x64/deps/lib/jpeg.lib" />
		<Unit filename="packages/AllegroDeps.1.7.0.0/build/native/v141/x64/deps/lib/libpng16.lib" />
		<Unit filename="packages/AllegroDeps.1.7.0.0/build/native/v141/x64/deps/lib/ogg.lib" />
		<Unit filename="packages/AllegroDeps.1.7.0.0/build/native/v141/x64/deps/lib/opus.lib" />
		<Unit filename="packages/AllegroDeps.1.7.0.0/build/native/v141/x64/deps/lib/opusfile.lib" />
		<Unit filename="packages/AllegroDeps.1.7.0.0/build/native/v141/x64/deps/lib/physfs.lib" />
		<Unit filename="packages/AllegroDeps.1.7.0.0/build/native/v141/x64/deps/lib/theoradec.lib" />
		<Unit filename="packages/AllegroDeps.1.7.0.0/build/native/v141/x64/deps/lib/vorbis.lib" />
		<Unit filename="packages/AllegroDeps.1.7.0.0/build/native/v141/x64/deps/lib/vorbisfile.lib" />
		<Unit filename="packages/AllegroDeps.1.7.0.0/build/native/v141/x64/deps/lib/zlib.lib" />
		<Unit filename="src/ConvexHull.cpp" />
		<Unit filename="src/Point.cpp" />
		<Extensions>
			<code_completion />
			<envvars />
			<debugger />
			<lib_finder disable_auto="1" />
		</Extensions>
	</Project>
</CodeBlocks_project_file>
